
Microsoft Visual Studio Solution File, Format Version 12.00
# Visual Studio Version 16
VisualStudioVersion = 16.0.30517.126
MinimumVisualStudioVersion = 10.0.40219.1
Project("{9A19103F-16F7-4668-BE54-9A1E7A4F7556}") = "Mood_Analyser_Program", "Mood_Analyser_Program\Mood_Analyser_Program.csproj", "{B3B047D8-589E-4367-88BA-950A93BB3165}"
EndProject
Project("{FAE04EC0-301F-11D3-BF4B-00C04F79EFBC}") = "Mood_Analyse_Test", "Mood_Analyse_Test\Mood_Analyse_Test.csproj", "{EA691105-D94A-4476-986A-E7D3772DA5B3}"
EndProject
Global
	GlobalSection(SolutionConfigurationPlatforms) = preSolution
		Debug|Any CPU = Debug|Any CPU
		Release|Any CPU = Release|Any CPU
	EndGlobalSection
	GlobalSection(ProjectConfigurationPlatforms) = postSolution
		{B3B047D8-589E-4367-88BA-950A93BB3165}.Debug|Any CPU.ActiveCfg = Debug|Any CPU
		{B3B047D8-589E-4367-88BA-950A93BB3165}.Debug|Any CPU.Build.0 = Debug|Any CPU
		{B3B047D8-589E-4367-88BA-950A93BB3165}.Release|Any CPU.ActiveCfg = Release|Any CPU
		{B3B047D8-589E-4367-88BA-950A93BB3165}.Release|Any CPU.Build.0 = Release|Any CPU
		{EA691105-D94A-4476-986A-E7D3772DA5B3}.Debug|Any CPU.ActiveCfg = Debug|Any CPU
		{EA691105-D94A-4476-986A-E7D3772DA5B3}.Debug|Any CPU.Build.0 = Debug|Any CPU
		{EA691105-D94A-4476-986A-E7D3772DA5B3}.Release|Any CPU.ActiveCfg = Release|Any CPU
		{EA691105-D94A-4476-986A-E7D3772DA5B3}.Release|Any CPU.Build.0 = Release|Any CPU
	EndGlobalSection
	GlobalSection(SolutionProperties) = preSolution
		HideSolutionNode = FALSE
	EndGlobalSection
	GlobalSection(ExtensibilityGlobals) = postSolution
		SolutionGuid = {6F36437C-C736-4D9B-901B-63130ECA4C80}
	EndGlobalSection
EndGlobal
